
Microsoft Visual Studio Solution File, Format Version 12.00
# Visual Studio Version 16
VisualStudioVersion = 16.0.31410.357
MinimumVisualStudioVersion = 10.0.40219.1
Project("{FAE04EC0-301F-11D3-BF4B-00C04F79EFBC}") = "IteraCase", "IteraCase\IteraCase.csproj", "{6992DDFC-97CF-4C51-9178-DC5ACF43C983}"
EndProject
Global
	GlobalSection(SolutionConfigurationPlatforms) = preSolution
		Debug|Any CPU = Debug|Any CPU
		Release|Any CPU = Release|Any CPU
	EndGlobalSection
	GlobalSection(ProjectConfigurationPlatforms) = postSolution
		{6992DDFC-97CF-4C51-9178-DC5ACF43C983}.Debug|Any CPU.ActiveCfg = Debug|Any CPU
		{6992DDFC-97CF-4C51-9178-DC5ACF43C983}.Debug|Any CPU.Build.0 = Debug|Any CPU
		{6992DDFC-97CF-4C51-9178-DC5ACF43C983}.Release|Any CPU.ActiveCfg = Release|Any CPU
		{6992DDFC-97CF-4C51-9178-DC5ACF43C983}.Release|Any CPU.Build.0 = Release|Any CPU
	EndGlobalSection
	GlobalSection(SolutionProperties) = preSolution
		HideSolutionNode = FALSE
	EndGlobalSection
	GlobalSection(ExtensibilityGlobals) = postSolution
		SolutionGuid = {69ECFFE7-2B6A-47C3-8AC4-02ADE67091A7}
	EndGlobalSection
EndGlobal
